
Microsoft Visual Studio Solution File, Format Version 12.00
# Visual Studio Version 16
VisualStudioVersion = 16.0.32106.194
MinimumVisualStudioVersion = 10.0.40219.1
Project("{9A19103F-16F7-4668-BE54-9A1E7A4F7556}") = "CurdWithMongoDb", "CurdWithMongoDb\CurdWithMongoDb.csproj", "{A44C23F7-E739-45B4-930D-D696B7D2993C}"
EndProject
Project("{E53339B2-1760-4266-BCC7-CA923CBCF16C}") = "docker-compose", "docker-compose.dcproj", "{A4E798A4-324C-489C-93F5-F23849381277}"
EndProject
Global
	GlobalSection(SolutionConfigurationPlatforms) = preSolution
		Debug|Any CPU = Debug|Any CPU
		Release|Any CPU = Release|Any CPU
	EndGlobalSection
	GlobalSection(ProjectConfigurationPlatforms) = postSolution
		{A44C23F7-E739-45B4-930D-D696B7D2993C}.Debug|Any CPU.ActiveCfg = Debug|Any CPU
		{A44C23F7-E739-45B4-930D-D696B7D2993C}.Debug|Any CPU.Build.0 = Debug|Any CPU
		{A44C23F7-E739-45B4-930D-D696B7D2993C}.Release|Any CPU.ActiveCfg = Release|Any CPU
		{A44C23F7-E739-45B4-930D-D696B7D2993C}.Release|Any CPU.Build.0 = Release|Any CPU
		{A4E798A4-324C-489C-93F5-F23849381277}.Debug|Any CPU.ActiveCfg = Debug|Any CPU
		{A4E798A4-324C-489C-93F5-F23849381277}.Debug|Any CPU.Build.0 = Debug|Any CPU
		{A4E798A4-324C-489C-93F5-F23849381277}.Release|Any CPU.ActiveCfg = Release|Any CPU
		{A4E798A4-324C-489C-93F5-F23849381277}.Release|Any CPU.Build.0 = Release|Any CPU
	EndGlobalSection
	GlobalSection(SolutionProperties) = preSolution
		HideSolutionNode = FALSE
	EndGlobalSection
	GlobalSection(ExtensibilityGlobals) = postSolution
		SolutionGuid = {B641C22B-A325-43E3-8C9B-E399FE85A901}
	EndGlobalSection
EndGlobal
